
Microsoft Visual Studio Solution File, Format Version 12.00
# Visual Studio Version 16
VisualStudioVersion = 16.0.30907.101
MinimumVisualStudioVersion = 10.0.40219.1
Project("{8BC9CEB8-8B4A-11D0-8D11-00A0C91BC942}") = "9_PointerToClassText", "9_PointerToClassText.vcxproj", "{E7820C44-8D6A-438D-BA9A-C35478B2B5E6}"
EndProject
Global
	GlobalSection(SolutionConfigurationPlatforms) = preSolution
		Debug|x64 = Debug|x64
		Debug|x86 = Debug|x86
		Release|x64 = Release|x64
		Release|x86 = Release|x86
	EndGlobalSection
	GlobalSection(ProjectConfigurationPlatforms) = postSolution
		{E7820C44-8D6A-438D-BA9A-C35478B2B5E6}.Debug|x64.ActiveCfg = Debug|x64
		{E7820C44-8D6A-438D-BA9A-C35478B2B5E6}.Debug|x64.Build.0 = Debug|x64
		{E7820C44-8D6A-438D-BA9A-C35478B2B5E6}.Debug|x86.ActiveCfg = Debug|Win32
		{E7820C44-8D6A-438D-BA9A-C35478B2B5E6}.Debug|x86.Build.0 = Debug|Win32
		{E7820C44-8D6A-438D-BA9A-C35478B2B5E6}.Release|x64.ActiveCfg = Release|x64
		{E7820C44-8D6A-438D-BA9A-C35478B2B5E6}.Release|x64.Build.0 = Release|x64
		{E7820C44-8D6A-438D-BA9A-C35478B2B5E6}.Release|x86.ActiveCfg = Release|Win32
		{E7820C44-8D6A-438D-BA9A-C35478B2B5E6}.Release|x86.Build.0 = Release|Win32
	EndGlobalSection
	GlobalSection(SolutionProperties) = preSolution
		HideSolutionNode = FALSE
	EndGlobalSection
	GlobalSection(ExtensibilityGlobals) = postSolution
		SolutionGuid = {1AF34884-7A7A-427B-A46F-D881591617AA}
	EndGlobalSection
EndGlobal
