
Microsoft Visual Studio Solution File, Format Version 12.00
# Visual Studio Version 16
VisualStudioVersion = 16.0.30907.101
MinimumVisualStudioVersion = 10.0.40219.1
Project("{8BC9CEB8-8B4A-11D0-8D11-00A0C91BC942}") = "12_SofaBed", "12_SofaBed.vcxproj", "{9DEE6D29-F02A-48BC-AC76-90834DEB796C}"
EndProject
Global
	GlobalSection(SolutionConfigurationPlatforms) = preSolution
		Debug|x64 = Debug|x64
		Debug|x86 = Debug|x86
		Release|x64 = Release|x64
		Release|x86 = Release|x86
	EndGlobalSection
	GlobalSection(ProjectConfigurationPlatforms) = postSolution
		{9DEE6D29-F02A-48BC-AC76-90834DEB796C}.Debug|x64.ActiveCfg = Debug|x64
		{9DEE6D29-F02A-48BC-AC76-90834DEB796C}.Debug|x64.Build.0 = Debug|x64
		{9DEE6D29-F02A-48BC-AC76-90834DEB796C}.Debug|x86.ActiveCfg = Debug|Win32
		{9DEE6D29-F02A-48BC-AC76-90834DEB796C}.Debug|x86.Build.0 = Debug|Win32
		{9DEE6D29-F02A-48BC-AC76-90834DEB796C}.Release|x64.ActiveCfg = Release|x64
		{9DEE6D29-F02A-48BC-AC76-90834DEB796C}.Release|x64.Build.0 = Release|x64
		{9DEE6D29-F02A-48BC-AC76-90834DEB796C}.Release|x86.ActiveCfg = Release|Win32
		{9DEE6D29-F02A-48BC-AC76-90834DEB796C}.Release|x86.Build.0 = Release|Win32
	EndGlobalSection
	GlobalSection(SolutionProperties) = preSolution
		HideSolutionNode = FALSE
	EndGlobalSection
	GlobalSection(ExtensibilityGlobals) = postSolution
		SolutionGuid = {58EB27BE-A7CA-4C07-8666-0F8DEF718480}
	EndGlobalSection
EndGlobal
